
Microsoft Visual Studio Solution File, Format Version 12.00
# Visual Studio Version 17
VisualStudioVersion = 17.7.34202.233
MinimumVisualStudioVersion = 10.0.40219.1
Project("{FAE04EC0-301F-11D3-BF4B-00C04F79EFBC}") = "Test", "Test\Test.csproj", "{D8934B25-CB3A-4BAE-BB5E-78EB7F44FC7B}"
EndProject
Global
	GlobalSection(SolutionConfigurationPlatforms) = preSolution
		Debug|Any CPU = Debug|Any CPU
		Release|Any CPU = Release|Any CPU
	EndGlobalSection
	GlobalSection(ProjectConfigurationPlatforms) = postSolution
		{D8934B25-CB3A-4BAE-BB5E-78EB7F44FC7B}.Debug|Any CPU.ActiveCfg = Debug|Any CPU
		{D8934B25-CB3A-4BAE-BB5E-78EB7F44FC7B}.Debug|Any CPU.Build.0 = Debug|Any CPU
		{D8934B25-CB3A-4BAE-BB5E-78EB7F44FC7B}.Release|Any CPU.ActiveCfg = Release|Any CPU
		{D8934B25-CB3A-4BAE-BB5E-78EB7F44FC7B}.Release|Any CPU.Build.0 = Release|Any CPU
	EndGlobalSection
	GlobalSection(SolutionProperties) = preSolution
		HideSolutionNode = FALSE
	EndGlobalSection
	GlobalSection(ExtensibilityGlobals) = postSolution
		SolutionGuid = {DB9183F3-9141-4DDB-A828-E7BB52483460}
	EndGlobalSection
EndGlobal
