
Microsoft Visual Studio Solution File, Format Version 12.00
# Visual Studio Version 17
VisualStudioVersion = 17.7.34202.233
MinimumVisualStudioVersion = 10.0.40219.1
Project("{FAE04EC0-301F-11D3-BF4B-00C04F79EFBC}") = "ECommerce.Web", "ECommerce.Web\ECommerce.Web.csproj", "{65411E16-408F-43D5-927C-3B0F454E1FBA}"
EndProject
Global
	GlobalSection(SolutionConfigurationPlatforms) = preSolution
		Debug|Any CPU = Debug|Any CPU
		Release|Any CPU = Release|Any CPU
	EndGlobalSection
	GlobalSection(ProjectConfigurationPlatforms) = postSolution
		{65411E16-408F-43D5-927C-3B0F454E1FBA}.Debug|Any CPU.ActiveCfg = Debug|Any CPU
		{65411E16-408F-43D5-927C-3B0F454E1FBA}.Debug|Any CPU.Build.0 = Debug|Any CPU
		{65411E16-408F-43D5-927C-3B0F454E1FBA}.Release|Any CPU.ActiveCfg = Release|Any CPU
		{65411E16-408F-43D5-927C-3B0F454E1FBA}.Release|Any CPU.Build.0 = Release|Any CPU
	EndGlobalSection
	GlobalSection(SolutionProperties) = preSolution
		HideSolutionNode = FALSE
	EndGlobalSection
	GlobalSection(ExtensibilityGlobals) = postSolution
		SolutionGuid = {41170139-0F2E-468E-AEC6-9E3FA515D250}
	EndGlobalSection
EndGlobal
